
Microsoft Visual Studio Solution File, Format Version 12.00
# Visual Studio 15
Project("{FAE04EC0-301F-11D3-BF4B-00C04F79EFBC}") = "toDo", "toDo.csproj", "{7A99855F-2B56-4CA2-B75C-28ABC15F7E0A}"
EndProject
Global
	GlobalSection(SolutionConfigurationPlatforms) = preSolution
		Debug|Any CPU = Debug|Any CPU
		Release|Any CPU = Release|Any CPU
	EndGlobalSection
	GlobalSection(ProjectConfigurationPlatforms) = postSolution
		{7A99855F-2B56-4CA2-B75C-28ABC15F7E0A}.Debug|Any CPU.ActiveCfg = Debug|Any CPU
		{7A99855F-2B56-4CA2-B75C-28ABC15F7E0A}.Debug|Any CPU.Build.0 = Debug|Any CPU
		{7A99855F-2B56-4CA2-B75C-28ABC15F7E0A}.Release|Any CPU.ActiveCfg = Release|Any CPU
		{7A99855F-2B56-4CA2-B75C-28ABC15F7E0A}.Release|Any CPU.Build.0 = Release|Any CPU
	EndGlobalSection
EndGlobal
